{
  "name": "echo",
  "version": "1.0.0",
  "lockfileVersion": 3,
  "requires": true,
  "packages": {
    "": {
      "name": "echo",
      "version": "1.0.0",
      "license": "Apache-2.0",
      "devDependencies": {
        "@btfuse/core": "file:../fuse-js/dist/fuse.tgz",
        "typescript": "5.3.3"
      },
      "peerDependencies": {
        "@btfuse/core": "file:../fuse-js/dist/fuse.tgz"
      }
    },
    "node_modules/@btfuse/core": {
      "version": "0.8.0",
      "resolved": "file:../fuse-js/dist/fuse.tgz",
      "integrity": "sha512-PxycngvK7ODHzyoqgw8sQ4qTrP/5wJfCW+8Y6qie9BvK2Y0VIb5Tqa9NbDH/E/qse/uhLkAuVvDQxBCg0nMEtw==",
      "dev": true,
      "license": "Apache-2.0",
      "dependencies": {
        "tslib": "2.6.2",
        "uuid": "9.0.1"
      }
    },
    "node_modules/tslib": {
      "version": "2.6.2",
      "resolved": "https://registry.npmjs.org/tslib/-/tslib-2.6.2.tgz",
      "integrity": "sha512-AEYxH93jGFPn/a2iVAwW87VuUIkR1FVUKB77NwMF7nBTDkDrrT/Hpt/IrCJ0QXhW27jTBDcf5ZY7w6RiqTMw2Q==",
      "dev": true
    },
    "node_modules/typescript": {
      "version": "5.3.3",
      "resolved": "https://registry.npmjs.org/typescript/-/typescript-5.3.3.tgz",
      "integrity": "sha512-pXWcraxM0uxAS+tN0AG/BF2TyqmHO014Z070UsJ+pFvYuRSq8KH8DmWpnbXe0pEPDHXZV3FcAbJkijJ5oNEnWw==",
      "dev": true,
      "bin": {
        "tsc": "bin/tsc",
        "tsserver": "bin/tsserver"
      },
      "engines": {
        "node": ">=14.17"
      }
    },
    "node_modules/uuid": {
      "version": "9.0.1",
      "resolved": "https://registry.npmjs.org/uuid/-/uuid-9.0.1.tgz",
      "integrity": "sha512-b+1eJOlsR9K8HJpow9Ok3fiWOWSIcIzXodvv0rQjVoOVNpWMpxf1wZNpt4y9h10odCNrqnYp1OBzRktckBe3sA==",
      "dev": true,
      "funding": [
        "https://github.com/sponsors/broofa",
        "https://github.com/sponsors/ctavan"
      ],
      "bin": {
        "uuid": "dist/bin/uuid"
      }
    }
  }
}
